// !$*UTF8*$!
{
	archiveVersion = 1;
	classes = {
	};
	objectVersion = 46;
	objects = {

/* Begin PBXFileReference section */
		16A44B05BDD1FCBAB36B1CFF /* AppController.h */ = {isa = PBXFileReference; lastKnownFileType = sourcecode.c.h; name = AppController.h; path = .XcodeSupport/AppController.h; sourceTree = SOURCE_ROOT; };
		23D24A6FBDA2F98A44668D8E /* CPResponder+CuCapp.m */ = {isa = PBXFileReference; lastKnownFileType = sourcecode.c.objc; name = "CPResponder+CuCapp.m"; path = ".XcodeSupport/CPResponder+CuCapp.m"; sourceTree = SOURCE_ROOT; };
		D1D24B8181B7734B2B3C26D1 /* CPResponder+CuCapp.j */ = {isa = PBXFileReference; lastKnownFileType = sourcecode.c.objc; name = "CPResponder+CuCapp.j"; path = "CPResponder+CuCapp.j"; sourceTree = SOURCE_ROOT; };
		E164FE29172185F500263CE3 /* Resources */ = {isa = PBXFileReference; lastKnownFileType = folder; path = Resources; sourceTree = "<group>"; };
		E26540F29D6B0D9F68A6C821 /* AppController.m */ = {isa = PBXFileReference; lastKnownFileType = sourcecode.c.objc; name = AppController.m; path = .XcodeSupport/AppController.m; sourceTree = SOURCE_ROOT; };
		E7554753B705C691A3BCE687 /* CPResponder+CuCapp.h */ = {isa = PBXFileReference; lastKnownFileType = sourcecode.c.h; name = "CPResponder+CuCapp.h"; path = ".XcodeSupport/CPResponder+CuCapp.h"; sourceTree = SOURCE_ROOT; };
		EE02411DBD96D00BAEE008C4 /* AppController.j */ = {isa = PBXFileReference; lastKnownFileType = sourcecode.c.objc; name = AppController.j; path = AppController.j; sourceTree = SOURCE_ROOT; };
		F97947D08FA8FC5F8A96F0CD /* xcc_general_include.h */ = {isa = PBXFileReference; lastKnownFileType = sourcecode.c.h; name = xcc_general_include.h; path = .XcodeSupport/xcc_general_include.h; sourceTree = SOURCE_ROOT; };
/* End PBXFileReference section */

/* Begin PBXGroup section */
		151646F290A494EB6BC11DD9 /* Cocoa Classes */ = {
			isa = PBXGroup;
			children = (
				16A44B05BDD1FCBAB36B1CFF /* AppController.h */,
				E26540F29D6B0D9F68A6C821 /* AppController.m */,
				E7554753B705C691A3BCE687 /* CPResponder+CuCapp.h */,
				23D24A6FBDA2F98A44668D8E /* CPResponder+CuCapp.m */,
				F97947D08FA8FC5F8A96F0CD /* xcc_general_include.h */,
			);
			name = "Cocoa Classes";
			sourceTree = "<group>";
		};
		2430480FA177882C2EF14219 /* Cappuccino Source */ = {
			isa = PBXGroup;
			children = (
				EE02411DBD96D00BAEE008C4 /* AppController.j */,
				D1D24B8181B7734B2B3C26D1 /* CPResponder+CuCapp.j */,
			);
			name = "Cappuccino Source";
			sourceTree = "<group>";
		};
		E164FE221721857400263CE3 /*  */ = {
			isa = PBXGroup;
			children = (
				E164FE29172185F500263CE3 /* Resources */,
				151646F290A494EB6BC11DD9 /* Cocoa Classes */,
				2430480FA177882C2EF14219 /* Cappuccino Source */,
			);
			sourceTree = "<group>";
		};
/* End PBXGroup section */

/* Begin PBXProject section */
		E164FE231721857400263CE3 /* Project Object */ = {
			isa = PBXProject;
			attributes = {
				LastUpgradeCheck = 0460;
			};
			buildConfigurationList = E164FE261721857400263CE3 /* Build configuration list for PBXProject "Unity-iPhone" */;
			compatibilityVersion = "Xcode 3.2";
			developmentRegion = English;
			hasScannedForEncodings = 0;
			knownRegions = (
				en,
			);
			mainGroup = E164FE221721857400263CE3 /*  */;
			projectDirPath = "";
			projectRoot = "";
			targets = (
			);
		};
/* End PBXProject section */

/* Begin XCBuildConfiguration section */
		E164FE271721857400263CE3 /* Debug */ = {
			isa = XCBuildConfiguration;
			buildSettings = {
			};
			name = Debug;
		};
		E164FE281721857400263CE3 /* Release */ = {
			isa = XCBuildConfiguration;
			buildSettings = {
			};
			name = Release;
		};
/* End XCBuildConfiguration section */

/* Begin XCConfigurationList section */
		E164FE261721857400263CE3 /* Build configuration list for PBXProject "Unity-iPhone" */ = {
			isa = XCConfigurationList;
			buildConfigurations = (
				E164FE271721857400263CE3 /* Debug */,
				E164FE281721857400263CE3 /* Release */,
			);
			defaultConfigurationIsVisible = 0;
			defaultConfigurationName = Release;
		};
/* End XCConfigurationList section */
	};
	rootObject = E164FE231721857400263CE3 /* Project Object */;
}